
Microsoft Visual Studio Solution File, Format Version 12.00
# Visual Studio 15
VisualStudioVersion = 15.0.28010.2003
MinimumVisualStudioVersion = 10.0.40219.1
Project("{9A19103F-16F7-4668-BE54-9A1E7A4F7556}") = "SIS.WebServer", "SIS.WebServer\SIS.WebServer.csproj", "{9069BFBB-817C-4FA4-A980-E20E9DD7A469}"
EndProject
Project("{9A19103F-16F7-4668-BE54-9A1E7A4F7556}") = "SIS.HTTP", "SIS.HTTP\SIS.HTTP.csproj", "{9C8ADFD1-16AE-4365-A160-A1C6091A0509}"
EndProject
Project("{9A19103F-16F7-4668-BE54-9A1E7A4F7556}") = "SIS.Framework", "SIS.Framework\SIS.Framework.csproj", "{035FAB55-6E4D-4C26-AB35-DBB6332CBE58}"
EndProject
Project("{2150E333-8FDC-42A3-9474-1A3956D46DE8}") = "Apps", "Apps", "{2010CD02-CEBA-4C99-A411-9F654D30539C}"
EndProject
Project("{9A19103F-16F7-4668-BE54-9A1E7A4F7556}") = "TORSHIA.App", "Apps\TORSHIA.App\TORSHIA.App.csproj", "{7436C26D-2441-4F68-84C1-2FB0F39D99FA}"
EndProject
Project("{9A19103F-16F7-4668-BE54-9A1E7A4F7556}") = "TORSHIA.Common", "Apps\TORSHIA.Common\TORSHIA.Common.csproj", "{D5516A8C-7B1A-4309-8021-8C46351EF0F4}"
EndProject
Project("{9A19103F-16F7-4668-BE54-9A1E7A4F7556}") = "TORSHIA.Data", "Apps\TORSHIA.Data\TORSHIA.Data.csproj", "{08731B76-082C-40F7-B668-74F942A7A8A6}"
EndProject
Project("{9A19103F-16F7-4668-BE54-9A1E7A4F7556}") = "TORSHIA.Domain", "Apps\TORSHIA.Domain\TORSHIA.Domain.csproj", "{51B4DE1F-0133-4161-83FC-E75057BBFB25}"
EndProject
Project("{9A19103F-16F7-4668-BE54-9A1E7A4F7556}") = "TORSHIA.Services", "Apps\TORSHIA.Services\TORSHIA.Services.csproj", "{E1A72E6D-F060-45B6-8AA1-4A5AA82B4A80}"
EndProject
Global
	GlobalSection(SolutionConfigurationPlatforms) = preSolution
		Debug|Any CPU = Debug|Any CPU
		Release|Any CPU = Release|Any CPU
	EndGlobalSection
	GlobalSection(ProjectConfigurationPlatforms) = postSolution
		{9069BFBB-817C-4FA4-A980-E20E9DD7A469}.Debug|Any CPU.ActiveCfg = Debug|Any CPU
		{9069BFBB-817C-4FA4-A980-E20E9DD7A469}.Debug|Any CPU.Build.0 = Debug|Any CPU
		{9069BFBB-817C-4FA4-A980-E20E9DD7A469}.Release|Any CPU.ActiveCfg = Release|Any CPU
		{9069BFBB-817C-4FA4-A980-E20E9DD7A469}.Release|Any CPU.Build.0 = Release|Any CPU
		{9C8ADFD1-16AE-4365-A160-A1C6091A0509}.Debug|Any CPU.ActiveCfg = Debug|Any CPU
		{9C8ADFD1-16AE-4365-A160-A1C6091A0509}.Debug|Any CPU.Build.0 = Debug|Any CPU
		{9C8ADFD1-16AE-4365-A160-A1C6091A0509}.Release|Any CPU.ActiveCfg = Release|Any CPU
		{9C8ADFD1-16AE-4365-A160-A1C6091A0509}.Release|Any CPU.Build.0 = Release|Any CPU
		{035FAB55-6E4D-4C26-AB35-DBB6332CBE58}.Debug|Any CPU.ActiveCfg = Debug|Any CPU
		{035FAB55-6E4D-4C26-AB35-DBB6332CBE58}.Debug|Any CPU.Build.0 = Debug|Any CPU
		{035FAB55-6E4D-4C26-AB35-DBB6332CBE58}.Release|Any CPU.ActiveCfg = Release|Any CPU
		{035FAB55-6E4D-4C26-AB35-DBB6332CBE58}.Release|Any CPU.Build.0 = Release|Any CPU
		{7436C26D-2441-4F68-84C1-2FB0F39D99FA}.Debug|Any CPU.ActiveCfg = Debug|Any CPU
		{7436C26D-2441-4F68-84C1-2FB0F39D99FA}.Debug|Any CPU.Build.0 = Debug|Any CPU
		{7436C26D-2441-4F68-84C1-2FB0F39D99FA}.Release|Any CPU.ActiveCfg = Release|Any CPU
		{7436C26D-2441-4F68-84C1-2FB0F39D99FA}.Release|Any CPU.Build.0 = Release|Any CPU
		{D5516A8C-7B1A-4309-8021-8C46351EF0F4}.Debug|Any CPU.ActiveCfg = Debug|Any CPU
		{D5516A8C-7B1A-4309-8021-8C46351EF0F4}.Debug|Any CPU.Build.0 = Debug|Any CPU
		{D5516A8C-7B1A-4309-8021-8C46351EF0F4}.Release|Any CPU.ActiveCfg = Release|Any CPU
		{D5516A8C-7B1A-4309-8021-8C46351EF0F4}.Release|Any CPU.Build.0 = Release|Any CPU
		{08731B76-082C-40F7-B668-74F942A7A8A6}.Debug|Any CPU.ActiveCfg = Debug|Any CPU
		{08731B76-082C-40F7-B668-74F942A7A8A6}.Debug|Any CPU.Build.0 = Debug|Any CPU
		{08731B76-082C-40F7-B668-74F942A7A8A6}.Release|Any CPU.ActiveCfg = Release|Any CPU
		{08731B76-082C-40F7-B668-74F942A7A8A6}.Release|Any CPU.Build.0 = Release|Any CPU
		{51B4DE1F-0133-4161-83FC-E75057BBFB25}.Debug|Any CPU.ActiveCfg = Debug|Any CPU
		{51B4DE1F-0133-4161-83FC-E75057BBFB25}.Debug|Any CPU.Build.0 = Debug|Any CPU
		{51B4DE1F-0133-4161-83FC-E75057BBFB25}.Release|Any CPU.ActiveCfg = Release|Any CPU
		{51B4DE1F-0133-4161-83FC-E75057BBFB25}.Release|Any CPU.Build.0 = Release|Any CPU
		{E1A72E6D-F060-45B6-8AA1-4A5AA82B4A80}.Debug|Any CPU.ActiveCfg = Debug|Any CPU
		{E1A72E6D-F060-45B6-8AA1-4A5AA82B4A80}.Debug|Any CPU.Build.0 = Debug|Any CPU
		{E1A72E6D-F060-45B6-8AA1-4A5AA82B4A80}.Release|Any CPU.ActiveCfg = Release|Any CPU
		{E1A72E6D-F060-45B6-8AA1-4A5AA82B4A80}.Release|Any CPU.Build.0 = Release|Any CPU
	EndGlobalSection
	GlobalSection(SolutionProperties) = preSolution
		HideSolutionNode = FALSE
	EndGlobalSection
	GlobalSection(NestedProjects) = preSolution
		{7436C26D-2441-4F68-84C1-2FB0F39D99FA} = {2010CD02-CEBA-4C99-A411-9F654D30539C}
		{D5516A8C-7B1A-4309-8021-8C46351EF0F4} = {2010CD02-CEBA-4C99-A411-9F654D30539C}
		{08731B76-082C-40F7-B668-74F942A7A8A6} = {2010CD02-CEBA-4C99-A411-9F654D30539C}
		{51B4DE1F-0133-4161-83FC-E75057BBFB25} = {2010CD02-CEBA-4C99-A411-9F654D30539C}
		{E1A72E6D-F060-45B6-8AA1-4A5AA82B4A80} = {2010CD02-CEBA-4C99-A411-9F654D30539C}
	EndGlobalSection
	GlobalSection(ExtensibilityGlobals) = postSolution
		SolutionGuid = {7DDABD09-DCFC-4DD2-996C-EDD241D1D1F0}
	EndGlobalSection
EndGlobal
